
Microsoft Visual Studio Solution File, Format Version 12.00
# Visual Studio Version 16
VisualStudioVersion = 16.0.30413.136
MinimumVisualStudioVersion = 10.0.40219.1
Project("{9A19103F-16F7-4668-BE54-9A1E7A4F7556}") = "Racesimulator", "Racesimulator\Racesimulator.csproj", "{1668AA4A-6A71-4A91-889B-F52BD002511C}"
EndProject
Project("{FAE04EC0-301F-11D3-BF4B-00C04F79EFBC}") = "Model", "Model\Model.csproj", "{78A2702C-530C-4872-B082-56A6FD8D1191}"
EndProject
Project("{FAE04EC0-301F-11D3-BF4B-00C04F79EFBC}") = "Controller", "Controller\Controller.csproj", "{399F879F-C5C6-4D6F-97FF-8EC9D35EFCB9}"
EndProject
Project("{FAE04EC0-301F-11D3-BF4B-00C04F79EFBC}") = "ControllerTest", "ControllerTest\ControllerTest.csproj", "{FFAE024A-2DA3-4CF6-B9AC-84C14C3D994D}"
EndProject
Global
	GlobalSection(SolutionConfigurationPlatforms) = preSolution
		Debug|Any CPU = Debug|Any CPU
		Release|Any CPU = Release|Any CPU
	EndGlobalSection
	GlobalSection(ProjectConfigurationPlatforms) = postSolution
		{1668AA4A-6A71-4A91-889B-F52BD002511C}.Debug|Any CPU.ActiveCfg = Debug|Any CPU
		{1668AA4A-6A71-4A91-889B-F52BD002511C}.Debug|Any CPU.Build.0 = Debug|Any CPU
		{1668AA4A-6A71-4A91-889B-F52BD002511C}.Release|Any CPU.ActiveCfg = Release|Any CPU
		{1668AA4A-6A71-4A91-889B-F52BD002511C}.Release|Any CPU.Build.0 = Release|Any CPU
		{78A2702C-530C-4872-B082-56A6FD8D1191}.Debug|Any CPU.ActiveCfg = Debug|Any CPU
		{78A2702C-530C-4872-B082-56A6FD8D1191}.Debug|Any CPU.Build.0 = Debug|Any CPU
		{78A2702C-530C-4872-B082-56A6FD8D1191}.Release|Any CPU.ActiveCfg = Release|Any CPU
		{78A2702C-530C-4872-B082-56A6FD8D1191}.Release|Any CPU.Build.0 = Release|Any CPU
		{399F879F-C5C6-4D6F-97FF-8EC9D35EFCB9}.Debug|Any CPU.ActiveCfg = Debug|Any CPU
		{399F879F-C5C6-4D6F-97FF-8EC9D35EFCB9}.Debug|Any CPU.Build.0 = Debug|Any CPU
		{399F879F-C5C6-4D6F-97FF-8EC9D35EFCB9}.Release|Any CPU.ActiveCfg = Release|Any CPU
		{399F879F-C5C6-4D6F-97FF-8EC9D35EFCB9}.Release|Any CPU.Build.0 = Release|Any CPU
		{FFAE024A-2DA3-4CF6-B9AC-84C14C3D994D}.Debug|Any CPU.ActiveCfg = Debug|Any CPU
		{FFAE024A-2DA3-4CF6-B9AC-84C14C3D994D}.Debug|Any CPU.Build.0 = Debug|Any CPU
		{FFAE024A-2DA3-4CF6-B9AC-84C14C3D994D}.Release|Any CPU.ActiveCfg = Release|Any CPU
		{FFAE024A-2DA3-4CF6-B9AC-84C14C3D994D}.Release|Any CPU.Build.0 = Release|Any CPU
	EndGlobalSection
	GlobalSection(SolutionProperties) = preSolution
		HideSolutionNode = FALSE
	EndGlobalSection
	GlobalSection(ExtensibilityGlobals) = postSolution
		SolutionGuid = {E3EA4B4B-7655-4BAA-8511-FDA5D99CAFFC}
	EndGlobalSection
EndGlobal
